
Microsoft Visual Studio Solution File, Format Version 12.00
# Visual Studio Version 17
VisualStudioVersion = 17.9.34723.18
MinimumVisualStudioVersion = 10.0.40219.1
Project("{FAE04EC0-301F-11D3-BF4B-00C04F79EFBC}") = "TMGS3Tools_FONT", "TMGS3Tools_FONT\TMGS3Tools_FONT.csproj", "{5224749D-38FB-47D9-8C9C-675317D3E4FE}"
EndProject
Global
	GlobalSection(SolutionConfigurationPlatforms) = preSolution
		Debug|Any CPU = Debug|Any CPU
		Release|Any CPU = Release|Any CPU
	EndGlobalSection
	GlobalSection(ProjectConfigurationPlatforms) = postSolution
		{5224749D-38FB-47D9-8C9C-675317D3E4FE}.Debug|Any CPU.ActiveCfg = Debug|Any CPU
		{5224749D-38FB-47D9-8C9C-675317D3E4FE}.Debug|Any CPU.Build.0 = Debug|Any CPU
		{5224749D-38FB-47D9-8C9C-675317D3E4FE}.Release|Any CPU.ActiveCfg = Release|Any CPU
		{5224749D-38FB-47D9-8C9C-675317D3E4FE}.Release|Any CPU.Build.0 = Release|Any CPU
	EndGlobalSection
	GlobalSection(SolutionProperties) = preSolution
		HideSolutionNode = FALSE
	EndGlobalSection
	GlobalSection(ExtensibilityGlobals) = postSolution
		SolutionGuid = {E4F5FAB0-F278-4746-B27F-8A5AC62AB2D1}
	EndGlobalSection
EndGlobal
